
Microsoft Visual Studio Solution File, Format Version 12.00
# Visual Studio Version 17
VisualStudioVersion = 17.4.33213.308
MinimumVisualStudioVersion = 10.0.40219.1
Project("{FAE04EC0-301F-11D3-BF4B-00C04F79EFBC}") = "SalesOrder.Service", "SalesOrder.Service\SalesOrder.Service.csproj", "{B0880816-4BAC-4ACE-B934-21309ABDBE8F}"
EndProject
Project("{FAE04EC0-301F-11D3-BF4B-00C04F79EFBC}") = "SalesOrder.Shared", "SalesOrder.Shared\SalesOrder.Shared.csproj", "{A4A113D8-F765-4E32-8D28-0D4E0EDD9EB6}"
EndProject
Project("{FAE04EC0-301F-11D3-BF4B-00C04F79EFBC}") = "SalesOrder.Database", "SalesOrder.Database\SalesOrder.Database.csproj", "{397C2AC1-F11B-4B08-9765-5B13A4799DCF}"
EndProject
Project("{FAE04EC0-301F-11D3-BF4B-00C04F79EFBC}") = "SalesOrder.API", "SalesOrder.API\SalesOrder.API.csproj", "{C47CF543-8344-4B77-A21C-F7FC96DA9F22}"
EndProject
Project("{2150E333-8FDC-42A3-9474-1A3956D46DE8}") = "Solution Items", "Solution Items", "{B5CF18BA-8AD4-4191-9F6D-5264A86873AB}"
	ProjectSection(SolutionItems) = preProject
		StyleCopAnalyzersDefault.ruleset = StyleCopAnalyzersDefault.ruleset
	EndProjectSection
EndProject
Global
	GlobalSection(SolutionConfigurationPlatforms) = preSolution
		Debug|Any CPU = Debug|Any CPU
		Release|Any CPU = Release|Any CPU
	EndGlobalSection
	GlobalSection(ProjectConfigurationPlatforms) = postSolution
		{B0880816-4BAC-4ACE-B934-21309ABDBE8F}.Debug|Any CPU.ActiveCfg = Debug|Any CPU
		{B0880816-4BAC-4ACE-B934-21309ABDBE8F}.Debug|Any CPU.Build.0 = Debug|Any CPU
		{B0880816-4BAC-4ACE-B934-21309ABDBE8F}.Release|Any CPU.ActiveCfg = Release|Any CPU
		{B0880816-4BAC-4ACE-B934-21309ABDBE8F}.Release|Any CPU.Build.0 = Release|Any CPU
		{A4A113D8-F765-4E32-8D28-0D4E0EDD9EB6}.Debug|Any CPU.ActiveCfg = Debug|Any CPU
		{A4A113D8-F765-4E32-8D28-0D4E0EDD9EB6}.Debug|Any CPU.Build.0 = Debug|Any CPU
		{A4A113D8-F765-4E32-8D28-0D4E0EDD9EB6}.Release|Any CPU.ActiveCfg = Release|Any CPU
		{A4A113D8-F765-4E32-8D28-0D4E0EDD9EB6}.Release|Any CPU.Build.0 = Release|Any CPU
		{397C2AC1-F11B-4B08-9765-5B13A4799DCF}.Debug|Any CPU.ActiveCfg = Debug|Any CPU
		{397C2AC1-F11B-4B08-9765-5B13A4799DCF}.Debug|Any CPU.Build.0 = Debug|Any CPU
		{397C2AC1-F11B-4B08-9765-5B13A4799DCF}.Release|Any CPU.ActiveCfg = Release|Any CPU
		{397C2AC1-F11B-4B08-9765-5B13A4799DCF}.Release|Any CPU.Build.0 = Release|Any CPU
		{C47CF543-8344-4B77-A21C-F7FC96DA9F22}.Debug|Any CPU.ActiveCfg = Debug|Any CPU
		{C47CF543-8344-4B77-A21C-F7FC96DA9F22}.Debug|Any CPU.Build.0 = Debug|Any CPU
		{C47CF543-8344-4B77-A21C-F7FC96DA9F22}.Release|Any CPU.ActiveCfg = Release|Any CPU
		{C47CF543-8344-4B77-A21C-F7FC96DA9F22}.Release|Any CPU.Build.0 = Release|Any CPU
	EndGlobalSection
	GlobalSection(SolutionProperties) = preSolution
		HideSolutionNode = FALSE
	EndGlobalSection
	GlobalSection(ExtensibilityGlobals) = postSolution
		SolutionGuid = {7C7959C3-4583-4806-BD72-D47C41CC17CC}
	EndGlobalSection
EndGlobal
